
Microsoft Visual Studio Solution File, Format Version 12.00
# Visual Studio Version 17
VisualStudioVersion = 17.2.32630.192
MinimumVisualStudioVersion = 10.0.40219.1
Project("{FAE04EC0-301F-11D3-BF4B-00C04F79EFBC}") = "WpfApp1", "WpfApp1\WpfApp1.csproj", "{B6F49373-72E0-4EC2-BCD3-8CF4703A252C}"
EndProject
Global
	GlobalSection(SolutionConfigurationPlatforms) = preSolution
		Debug|Any CPU = Debug|Any CPU
		Release|Any CPU = Release|Any CPU
	EndGlobalSection
	GlobalSection(ProjectConfigurationPlatforms) = postSolution
		{B6F49373-72E0-4EC2-BCD3-8CF4703A252C}.Debug|Any CPU.ActiveCfg = Debug|Any CPU
		{B6F49373-72E0-4EC2-BCD3-8CF4703A252C}.Debug|Any CPU.Build.0 = Debug|Any CPU
		{B6F49373-72E0-4EC2-BCD3-8CF4703A252C}.Release|Any CPU.ActiveCfg = Release|Any CPU
		{B6F49373-72E0-4EC2-BCD3-8CF4703A252C}.Release|Any CPU.Build.0 = Release|Any CPU
	EndGlobalSection
	GlobalSection(SolutionProperties) = preSolution
		HideSolutionNode = FALSE
	EndGlobalSection
	GlobalSection(ExtensibilityGlobals) = postSolution
		SolutionGuid = {E65ED389-A301-4FA2-A4CA-5351A828D8EB}
	EndGlobalSection
EndGlobal
